
Microsoft Visual Studio Solution File, Format Version 12.00
# Visual Studio Version 16
VisualStudioVersion = 16.0.30611.23
MinimumVisualStudioVersion = 10.0.40219.1
Project("{FAE04EC0-301F-11D3-BF4B-00C04F79EFBC}") = "3C2LUIZEDUARDORANGEL37", "3C2LUIZEDUARDORANGEL37\3C2LUIZEDUARDORANGEL37.csproj", "{05E6F816-6207-4522-A53C-0BBBBF6C03F9}"
EndProject
Global
	GlobalSection(SolutionConfigurationPlatforms) = preSolution
		Debug|Any CPU = Debug|Any CPU
		Release|Any CPU = Release|Any CPU
	EndGlobalSection
	GlobalSection(ProjectConfigurationPlatforms) = postSolution
		{05E6F816-6207-4522-A53C-0BBBBF6C03F9}.Debug|Any CPU.ActiveCfg = Debug|Any CPU
		{05E6F816-6207-4522-A53C-0BBBBF6C03F9}.Debug|Any CPU.Build.0 = Debug|Any CPU
		{05E6F816-6207-4522-A53C-0BBBBF6C03F9}.Release|Any CPU.ActiveCfg = Release|Any CPU
		{05E6F816-6207-4522-A53C-0BBBBF6C03F9}.Release|Any CPU.Build.0 = Release|Any CPU
	EndGlobalSection
	GlobalSection(SolutionProperties) = preSolution
		HideSolutionNode = FALSE
	EndGlobalSection
	GlobalSection(ExtensibilityGlobals) = postSolution
		SolutionGuid = {E7A65F8B-C282-4451-BF92-7C0F296B82EC}
	EndGlobalSection
EndGlobal
